
Microsoft Visual Studio Solution File, Format Version 12.00
# Visual Studio Version 16
VisualStudioVersion = 16.0.29509.3
MinimumVisualStudioVersion = 10.0.40219.1
Project("{2150E333-8FDC-42A3-9474-1A3956D46DE8}") = "src", "src", "{2318FE34-7B7A-4D22-9917-BE8F09678A0C}"
EndProject
Project("{2150E333-8FDC-42A3-9474-1A3956D46DE8}") = "test", "test", "{7D16591A-6B2E-4699-8701-89BD67B619D2}"
EndProject
Project("{2150E333-8FDC-42A3-9474-1A3956D46DE8}") = "domain", "domain", "{AD861F8E-C353-4B30-AE1D-F071F4B05B82}"
EndProject
Project("{9A19103F-16F7-4668-BE54-9A1E7A4F7556}") = "Quizard.Core", "Quizard.Core\Quizard.Core.csproj", "{4F3640E9-6A6C-4F8B-A1FE-83F5A05BEFCC}"
EndProject
Project("{2150E333-8FDC-42A3-9474-1A3956D46DE8}") = "clients", "clients", "{DCC0C95D-05DC-490C-B344-DC0D3193D2BC}"
EndProject
Project("{9A19103F-16F7-4668-BE54-9A1E7A4F7556}") = "Quizard.API", "Quizard.API\Quizard.API.csproj", "{BAD160C7-DD06-410D-BA4B-A8875FFED79D}"
EndProject
Project("{2150E333-8FDC-42A3-9474-1A3956D46DE8}") = "infrastructure", "infrastructure", "{A7BFD5D3-78C5-42B3-A2B4-388DF1ABAEA5}"
EndProject
Project("{9A19103F-16F7-4668-BE54-9A1E7A4F7556}") = "Quizard.Persistence", "Quizard.Persistence\Quizard.Persistence.csproj", "{789412CB-C268-460C-BD06-BADBB29F8D05}"
EndProject
Global
	GlobalSection(SolutionConfigurationPlatforms) = preSolution
		Debug|Any CPU = Debug|Any CPU
		Release|Any CPU = Release|Any CPU
	EndGlobalSection
	GlobalSection(ProjectConfigurationPlatforms) = postSolution
		{4F3640E9-6A6C-4F8B-A1FE-83F5A05BEFCC}.Debug|Any CPU.ActiveCfg = Debug|Any CPU
		{4F3640E9-6A6C-4F8B-A1FE-83F5A05BEFCC}.Debug|Any CPU.Build.0 = Debug|Any CPU
		{4F3640E9-6A6C-4F8B-A1FE-83F5A05BEFCC}.Release|Any CPU.ActiveCfg = Release|Any CPU
		{4F3640E9-6A6C-4F8B-A1FE-83F5A05BEFCC}.Release|Any CPU.Build.0 = Release|Any CPU
		{BAD160C7-DD06-410D-BA4B-A8875FFED79D}.Debug|Any CPU.ActiveCfg = Debug|Any CPU
		{BAD160C7-DD06-410D-BA4B-A8875FFED79D}.Debug|Any CPU.Build.0 = Debug|Any CPU
		{BAD160C7-DD06-410D-BA4B-A8875FFED79D}.Release|Any CPU.ActiveCfg = Release|Any CPU
		{BAD160C7-DD06-410D-BA4B-A8875FFED79D}.Release|Any CPU.Build.0 = Release|Any CPU
		{789412CB-C268-460C-BD06-BADBB29F8D05}.Debug|Any CPU.ActiveCfg = Debug|Any CPU
		{789412CB-C268-460C-BD06-BADBB29F8D05}.Debug|Any CPU.Build.0 = Debug|Any CPU
		{789412CB-C268-460C-BD06-BADBB29F8D05}.Release|Any CPU.ActiveCfg = Release|Any CPU
		{789412CB-C268-460C-BD06-BADBB29F8D05}.Release|Any CPU.Build.0 = Release|Any CPU
	EndGlobalSection
	GlobalSection(SolutionProperties) = preSolution
		HideSolutionNode = FALSE
	EndGlobalSection
	GlobalSection(NestedProjects) = preSolution
		{AD861F8E-C353-4B30-AE1D-F071F4B05B82} = {2318FE34-7B7A-4D22-9917-BE8F09678A0C}
		{4F3640E9-6A6C-4F8B-A1FE-83F5A05BEFCC} = {AD861F8E-C353-4B30-AE1D-F071F4B05B82}
		{DCC0C95D-05DC-490C-B344-DC0D3193D2BC} = {2318FE34-7B7A-4D22-9917-BE8F09678A0C}
		{BAD160C7-DD06-410D-BA4B-A8875FFED79D} = {DCC0C95D-05DC-490C-B344-DC0D3193D2BC}
		{A7BFD5D3-78C5-42B3-A2B4-388DF1ABAEA5} = {2318FE34-7B7A-4D22-9917-BE8F09678A0C}
		{789412CB-C268-460C-BD06-BADBB29F8D05} = {A7BFD5D3-78C5-42B3-A2B4-388DF1ABAEA5}
	EndGlobalSection
	GlobalSection(ExtensibilityGlobals) = postSolution
		SolutionGuid = {0723017D-27C9-41B6-87C9-98FEEE514CA1}
	EndGlobalSection
EndGlobal
